
Microsoft Visual Studio Solution File, Format Version 12.00
# Visual Studio 15
VisualStudioVersion = 15.0.28307.168
MinimumVisualStudioVersion = 10.0.40219.1
Project("{FAE04EC0-301F-11D3-BF4B-00C04F79EFBC}") = "Sistema_Informacion_PlanesTIC", "Sistema_Informacion_PlanesTIC\Sistema_Informacion_PlanesTIC.csproj", "{62503171-2BE0-4ADE-90FD-AAF3E2028A61}"
EndProject
Global
	GlobalSection(SolutionConfigurationPlatforms) = preSolution
		Debug|Any CPU = Debug|Any CPU
		Release|Any CPU = Release|Any CPU
	EndGlobalSection
	GlobalSection(ProjectConfigurationPlatforms) = postSolution
		{62503171-2BE0-4ADE-90FD-AAF3E2028A61}.Debug|Any CPU.ActiveCfg = Debug|Any CPU
		{62503171-2BE0-4ADE-90FD-AAF3E2028A61}.Debug|Any CPU.Build.0 = Debug|Any CPU
		{62503171-2BE0-4ADE-90FD-AAF3E2028A61}.Release|Any CPU.ActiveCfg = Release|Any CPU
		{62503171-2BE0-4ADE-90FD-AAF3E2028A61}.Release|Any CPU.Build.0 = Release|Any CPU
	EndGlobalSection
	GlobalSection(SolutionProperties) = preSolution
		HideSolutionNode = FALSE
	EndGlobalSection
	GlobalSection(ExtensibilityGlobals) = postSolution
		SolutionGuid = {16941326-DAF1-41B2-ADF9-0F65C7EAC207}
	EndGlobalSection
EndGlobal
